
Microsoft Visual Studio Solution File, Format Version 12.00
# Visual Studio Version 17
VisualStudioVersion = 17.4.33205.214
MinimumVisualStudioVersion = 10.0.40219.1
Project("{9A19103F-16F7-4668-BE54-9A1E7A4F7556}") = "Project.Api", "Project.Api\Project.Api.csproj", "{53C7E713-DB38-495D-AF11-78D40D2806F6}"
EndProject
Project("{9A19103F-16F7-4668-BE54-9A1E7A4F7556}") = "Project.IdentityServ", "Project.IdentityServ\Project.IdentityServ.csproj", "{15C1576F-4418-4352-9955-EB812C70F6F5}"
EndProject
Project("{FAE04EC0-301F-11D3-BF4B-00C04F79EFBC}") = "ProjectApi.Data.Models", "ProjectApi.Data.Models\ProjectApi.Data.Models.csproj", "{C7172EC1-287F-4614-85F1-C3F29B6D43BE}"
EndProject
Project("{FAE04EC0-301F-11D3-BF4B-00C04F79EFBC}") = "ProjectMVC.Data.Models", "ProjectMVC.Data.Models\ProjectMVC.Data.Models.csproj", "{66DA3BF3-23A0-49CE-94E4-7F6194D1D162}"
EndProject
Project("{FAE04EC0-301F-11D3-BF4B-00C04F79EFBC}") = "ProjectMVC", "ProjectMVC\ProjectMVC.csproj", "{5EF16BB9-246E-4CFD-A7A2-9F4A88CA199B}"
EndProject
Global
	GlobalSection(SolutionConfigurationPlatforms) = preSolution
		Debug|Any CPU = Debug|Any CPU
		Release|Any CPU = Release|Any CPU
	EndGlobalSection
	GlobalSection(ProjectConfigurationPlatforms) = postSolution
		{53C7E713-DB38-495D-AF11-78D40D2806F6}.Debug|Any CPU.ActiveCfg = Debug|Any CPU
		{53C7E713-DB38-495D-AF11-78D40D2806F6}.Debug|Any CPU.Build.0 = Debug|Any CPU
		{53C7E713-DB38-495D-AF11-78D40D2806F6}.Release|Any CPU.ActiveCfg = Release|Any CPU
		{53C7E713-DB38-495D-AF11-78D40D2806F6}.Release|Any CPU.Build.0 = Release|Any CPU
		{15C1576F-4418-4352-9955-EB812C70F6F5}.Debug|Any CPU.ActiveCfg = Debug|Any CPU
		{15C1576F-4418-4352-9955-EB812C70F6F5}.Debug|Any CPU.Build.0 = Debug|Any CPU
		{15C1576F-4418-4352-9955-EB812C70F6F5}.Release|Any CPU.ActiveCfg = Release|Any CPU
		{15C1576F-4418-4352-9955-EB812C70F6F5}.Release|Any CPU.Build.0 = Release|Any CPU
		{C7172EC1-287F-4614-85F1-C3F29B6D43BE}.Debug|Any CPU.ActiveCfg = Debug|Any CPU
		{C7172EC1-287F-4614-85F1-C3F29B6D43BE}.Debug|Any CPU.Build.0 = Debug|Any CPU
		{C7172EC1-287F-4614-85F1-C3F29B6D43BE}.Release|Any CPU.ActiveCfg = Release|Any CPU
		{C7172EC1-287F-4614-85F1-C3F29B6D43BE}.Release|Any CPU.Build.0 = Release|Any CPU
		{66DA3BF3-23A0-49CE-94E4-7F6194D1D162}.Debug|Any CPU.ActiveCfg = Debug|Any CPU
		{66DA3BF3-23A0-49CE-94E4-7F6194D1D162}.Debug|Any CPU.Build.0 = Debug|Any CPU
		{66DA3BF3-23A0-49CE-94E4-7F6194D1D162}.Release|Any CPU.ActiveCfg = Release|Any CPU
		{66DA3BF3-23A0-49CE-94E4-7F6194D1D162}.Release|Any CPU.Build.0 = Release|Any CPU
		{5EF16BB9-246E-4CFD-A7A2-9F4A88CA199B}.Debug|Any CPU.ActiveCfg = Debug|Any CPU
		{5EF16BB9-246E-4CFD-A7A2-9F4A88CA199B}.Debug|Any CPU.Build.0 = Debug|Any CPU
		{5EF16BB9-246E-4CFD-A7A2-9F4A88CA199B}.Release|Any CPU.ActiveCfg = Release|Any CPU
		{5EF16BB9-246E-4CFD-A7A2-9F4A88CA199B}.Release|Any CPU.Build.0 = Release|Any CPU
	EndGlobalSection
	GlobalSection(SolutionProperties) = preSolution
		HideSolutionNode = FALSE
	EndGlobalSection
	GlobalSection(ExtensibilityGlobals) = postSolution
		SolutionGuid = {08D0096F-2B93-4128-AE85-EC06A5158FAB}
	EndGlobalSection
EndGlobal
